
Microsoft Visual Studio Solution File, Format Version 12.00
# Visual Studio Version 17
VisualStudioVersion = 17.0.32112.339
MinimumVisualStudioVersion = 10.0.40219.1
Project("{FAE04EC0-301F-11D3-BF4B-00C04F79EFBC}") = "MinimalApp", "MinimalApp.csproj", "{EF1B41CB-4C56-4AF3-A434-F8AAE5110637}"
EndProject
Global
	GlobalSection(SolutionConfigurationPlatforms) = preSolution
		Debug|Any CPU = Debug|Any CPU
		Release|Any CPU = Release|Any CPU
	EndGlobalSection
	GlobalSection(ProjectConfigurationPlatforms) = postSolution
		{EF1B41CB-4C56-4AF3-A434-F8AAE5110637}.Debug|Any CPU.ActiveCfg = Debug|Any CPU
		{EF1B41CB-4C56-4AF3-A434-F8AAE5110637}.Debug|Any CPU.Build.0 = Debug|Any CPU
		{EF1B41CB-4C56-4AF3-A434-F8AAE5110637}.Release|Any CPU.ActiveCfg = Release|Any CPU
		{EF1B41CB-4C56-4AF3-A434-F8AAE5110637}.Release|Any CPU.Build.0 = Release|Any CPU
	EndGlobalSection
	GlobalSection(SolutionProperties) = preSolution
		HideSolutionNode = FALSE
	EndGlobalSection
	GlobalSection(ExtensibilityGlobals) = postSolution
		SolutionGuid = {B00F1074-D3A1-4C27-9F47-8214D8B4C23B}
	EndGlobalSection
EndGlobal
